PODS:
  - Farly (1.0.3)
  - farly_flutter_sdk (0.0.3):
    - Farly (~> 1.0.3)
    - Flutter
  - Flutter (1.0.0)
  - integration_test (0.0.1):
    - Flutter

DEPENDENCIES:
  - farly_flutter_sdk (from `.symlinks/plugins/farly_flutter_sdk/ios`)
  - Flutter (from `Flutter`)
  - integration_test (from `.symlinks/plugins/integration_test/ios`)

SPEC REPOS:
  trunk:
    - Farly

EXTERNAL SOURCES:
  farly_flutter_sdk:
    :path: ".symlinks/plugins/farly_flutter_sdk/ios"
  Flutter:
    :path: Flutter
  integration_test:
    :path: ".symlinks/plugins/integration_test/ios"

SPEC CHECKSUMS:
  Farly: 7aa4e7ec27a848e6648fdf2623fe1954cee9f606
  farly_flutter_sdk: 6a600969e38be5b32861e9fb434c9d6582784243
  Flutter: f04841e97a9d0b0a8025694d0796dd46242b2854
  integration_test: 13825b8a9334a850581300559b8839134b124670

PODFILE CHECKSUM: 70d9d25280d0dd177a5f637cdb0f0b0b12c6a189

COCOAPODS: 1.14.3
